
Microsoft Visual Studio Solution File, Format Version 12.00
# Visual Studio Version 16
VisualStudioVersion = 16.0.29503.13
MinimumVisualStudioVersion = 10.0.40219.1
Project("{2150E333-8FDC-42A3-9474-1A3956D46DE8}") = "Solution Items", "Solution Items", "{85EB7950-61F2-4B83-9F3E-F74ECCE0D3C8}"
	ProjectSection(SolutionItems) = preProject
		.dockerignore = .dockerignore
		.editorconfig = .editorconfig
		.gitattributes = .gitattributes
		.gitignore = .gitignore
		LICENSE = LICENSE
	EndProjectSection
EndProject
Project("{9A19103F-16F7-4668-BE54-9A1E7A4F7556}") = "KeyKeeperApi", "src\KeyKeeperApi\KeyKeeperApi.csproj", "{D9AE04E2-3801-499E-8E95-6F2B2B4BFB41}"
EndProject
Project("{9A19103F-16F7-4668-BE54-9A1E7A4F7556}") = "KeyKeeperApi.Common", "src\KeyKeeperApi.Common\KeyKeeperApi.Common.csproj", "{2BFF98C7-1714-4000-A468-DBD9C24E7B02}"
EndProject
Project("{9A19103F-16F7-4668-BE54-9A1E7A4F7556}") = "KeyKeeperApi.Worker", "src\KeyKeeperApi.Worker\KeyKeeperApi.Worker.csproj", "{4EFB5D11-FED0-420B-B71F-503FBE77B2BC}"
EndProject
Project("{2150E333-8FDC-42A3-9474-1A3956D46DE8}") = "Github workflow", "Github workflow", "{54F26A6C-5B76-40E5-8E9C-2FA0551BC226}"
	ProjectSection(SolutionItems) = preProject
		.github\workflows\ci.yml = .github\workflows\ci.yml
		.github\workflows\release-service.yml = .github\workflows\release-service.yml
		.github\workflows\validate-master.yml = .github\workflows\validate-master.yml
	EndProjectSection
EndProject
Project("{2150E333-8FDC-42A3-9474-1A3956D46DE8}") = "Documentation", "Documentation", "{DB08FC9E-A784-4D4D-932C-DA320E3C5091}"
	ProjectSection(SolutionItems) = preProject
		README.md = README.md
	EndProjectSection
EndProject
Project("{2150E333-8FDC-42A3-9474-1A3956D46DE8}") = "Kubernetes", "Kubernetes", "{EE2AA4BB-1E67-4074-B371-2C84F6469A72}"
EndProject
Project("{2150E333-8FDC-42A3-9474-1A3956D46DE8}") = "Settings", "Settings", "{AD4D20EE-C574-4F47-BD41-ECE62C1B27C0}"
	ProjectSection(SolutionItems) = preProject
		deployment\settings\common.json = deployment\settings\common.json
	EndProjectSection
EndProject
Project("{2150E333-8FDC-42A3-9474-1A3956D46DE8}") = "Deployment", "Deployment", "{AD37D2C5-7CE6-41CD-9515-B65E5A46B96C}"
	ProjectSection(SolutionItems) = preProject
		deployment\readme.md = deployment\readme.md
	EndProjectSection
EndProject
Project("{2150E333-8FDC-42A3-9474-1A3956D46DE8}") = "Service-KeyKeeperApi", "Service-KeyKeeperApi", "{E892D1F5-DC4C-4D13-8B62-5D182B2A676C}"
	ProjectSection(SolutionItems) = preProject
		deployment\kubernetes\Service-KeyKeeperApi\deployment.yaml = deployment\kubernetes\Service-KeyKeeperApi\deployment.yaml
		deployment\kubernetes\Service-KeyKeeperApi\service.yaml = deployment\kubernetes\Service-KeyKeeperApi\service.yaml
	EndProjectSection
EndProject
Project("{2150E333-8FDC-42A3-9474-1A3956D46DE8}") = "Service-KeyKeeperApi-Worker", "Service-KeyKeeperApi-Worker", "{C58C8AEC-FB40-42A5-9E74-98BB95045A24}"
	ProjectSection(SolutionItems) = preProject
		deployment\kubernetes\Service-KeyKeeperApi-Worker\deployment.yaml = deployment\kubernetes\Service-KeyKeeperApi-Worker\deployment.yaml
		deployment\kubernetes\Service-KeyKeeperApi-Worker\service.yaml = deployment\kubernetes\Service-KeyKeeperApi-Worker\service.yaml
	EndProjectSection
EndProject
Project("{2150E333-8FDC-42A3-9474-1A3956D46DE8}") = "sirius", "sirius", "{1A5AA860-E0C0-4BB4-91DD-3AF1A7ED74E2}"
	ProjectSection(SolutionItems) = preProject
		deployment\settings\sirius\common.json = deployment\settings\sirius\common.json
		deployment\settings\sirius\key-keeper-api.json = deployment\settings\sirius\key-keeper-api.json
	EndProjectSection
EndProject
Project("{9A19103F-16F7-4668-BE54-9A1E7A4F7556}") = "KeyKeeperApi.ApiContract", "src\KeyKeeperApi.ApiContract\KeyKeeperApi.ApiContract.csproj", "{3F65678A-B929-42D4-8D51-2A80203F8DEB}"
EndProject
Project("{9A19103F-16F7-4668-BE54-9A1E7A4F7556}") = "TestGrpcApp", "src\TestGrpcApp\TestGrpcApp.csproj", "{51D5A11F-DB38-4CF6-8D46-717C81201E91}"
EndProject
Project("{9A19103F-16F7-4668-BE54-9A1E7A4F7556}") = "KeyKeeperApi.ApiClient", "src\KeyKeeperApi.ApiClient\KeyKeeperApi.ApiClient.csproj", "{C5CD96D2-38AB-494C-BB76-C6CE46F667A8}"
EndProject
Global
	GlobalSection(SolutionConfigurationPlatforms) = preSolution
		Debug|Any CPU = Debug|Any CPU
		Release|Any CPU = Release|Any CPU
	EndGlobalSection
	GlobalSection(ProjectConfigurationPlatforms) = postSolution
		{D9AE04E2-3801-499E-8E95-6F2B2B4BFB41}.Debug|Any CPU.ActiveCfg = Debug|Any CPU
		{D9AE04E2-3801-499E-8E95-6F2B2B4BFB41}.Debug|Any CPU.Build.0 = Debug|Any CPU
		{D9AE04E2-3801-499E-8E95-6F2B2B4BFB41}.Release|Any CPU.ActiveCfg = Release|Any CPU
		{D9AE04E2-3801-499E-8E95-6F2B2B4BFB41}.Release|Any CPU.Build.0 = Release|Any CPU
		{2BFF98C7-1714-4000-A468-DBD9C24E7B02}.Debug|Any CPU.ActiveCfg = Debug|Any CPU
		{2BFF98C7-1714-4000-A468-DBD9C24E7B02}.Debug|Any CPU.Build.0 = Debug|Any CPU
		{2BFF98C7-1714-4000-A468-DBD9C24E7B02}.Release|Any CPU.ActiveCfg = Release|Any CPU
		{2BFF98C7-1714-4000-A468-DBD9C24E7B02}.Release|Any CPU.Build.0 = Release|Any CPU
		{4EFB5D11-FED0-420B-B71F-503FBE77B2BC}.Debug|Any CPU.ActiveCfg = Debug|Any CPU
		{4EFB5D11-FED0-420B-B71F-503FBE77B2BC}.Debug|Any CPU.Build.0 = Debug|Any CPU
		{4EFB5D11-FED0-420B-B71F-503FBE77B2BC}.Release|Any CPU.ActiveCfg = Release|Any CPU
		{4EFB5D11-FED0-420B-B71F-503FBE77B2BC}.Release|Any CPU.Build.0 = Release|Any CPU
		{3F65678A-B929-42D4-8D51-2A80203F8DEB}.Debug|Any CPU.ActiveCfg = Debug|Any CPU
		{3F65678A-B929-42D4-8D51-2A80203F8DEB}.Debug|Any CPU.Build.0 = Debug|Any CPU
		{3F65678A-B929-42D4-8D51-2A80203F8DEB}.Release|Any CPU.ActiveCfg = Release|Any CPU
		{3F65678A-B929-42D4-8D51-2A80203F8DEB}.Release|Any CPU.Build.0 = Release|Any CPU
		{51D5A11F-DB38-4CF6-8D46-717C81201E91}.Debug|Any CPU.ActiveCfg = Debug|Any CPU
		{51D5A11F-DB38-4CF6-8D46-717C81201E91}.Debug|Any CPU.Build.0 = Debug|Any CPU
		{51D5A11F-DB38-4CF6-8D46-717C81201E91}.Release|Any CPU.ActiveCfg = Release|Any CPU
		{51D5A11F-DB38-4CF6-8D46-717C81201E91}.Release|Any CPU.Build.0 = Release|Any CPU
		{C5CD96D2-38AB-494C-BB76-C6CE46F667A8}.Debug|Any CPU.ActiveCfg = Debug|Any CPU
		{C5CD96D2-38AB-494C-BB76-C6CE46F667A8}.Debug|Any CPU.Build.0 = Debug|Any CPU
		{C5CD96D2-38AB-494C-BB76-C6CE46F667A8}.Release|Any CPU.ActiveCfg = Release|Any CPU
		{C5CD96D2-38AB-494C-BB76-C6CE46F667A8}.Release|Any CPU.Build.0 = Release|Any CPU
	EndGlobalSection
	GlobalSection(SolutionProperties) = preSolution
		HideSolutionNode = FALSE
	EndGlobalSection
	GlobalSection(NestedProjects) = preSolution
		{54F26A6C-5B76-40E5-8E9C-2FA0551BC226} = {85EB7950-61F2-4B83-9F3E-F74ECCE0D3C8}
		{DB08FC9E-A784-4D4D-932C-DA320E3C5091} = {85EB7950-61F2-4B83-9F3E-F74ECCE0D3C8}
		{EE2AA4BB-1E67-4074-B371-2C84F6469A72} = {AD37D2C5-7CE6-41CD-9515-B65E5A46B96C}
		{AD4D20EE-C574-4F47-BD41-ECE62C1B27C0} = {AD37D2C5-7CE6-41CD-9515-B65E5A46B96C}
		{AD37D2C5-7CE6-41CD-9515-B65E5A46B96C} = {DB08FC9E-A784-4D4D-932C-DA320E3C5091}
		{E892D1F5-DC4C-4D13-8B62-5D182B2A676C} = {EE2AA4BB-1E67-4074-B371-2C84F6469A72}
		{C58C8AEC-FB40-42A5-9E74-98BB95045A24} = {EE2AA4BB-1E67-4074-B371-2C84F6469A72}
		{1A5AA860-E0C0-4BB4-91DD-3AF1A7ED74E2} = {AD4D20EE-C574-4F47-BD41-ECE62C1B27C0}
	EndGlobalSection
	GlobalSection(ExtensibilityGlobals) = postSolution
		SolutionGuid = {196C39E2-2F2E-46AB-BA2A-0D2E7E171B5A}
	EndGlobalSection
EndGlobal
